
Microsoft Visual Studio Solution File, Format Version 12.00
# Visual Studio Version 17
VisualStudioVersion = 17.5.33414.496
MinimumVisualStudioVersion = 10.0.40219.1
Project("{2150E333-8FDC-42A3-9474-1A3956D46DE8}") = "Services", "Services", "{EBB64603-3E22-476B-A5D2-3F7BA3A70A0C}"
EndProject
Project("{2150E333-8FDC-42A3-9474-1A3956D46DE8}") = "Catalog", "Catalog", "{859A025B-71E4-46FE-90FC-4F0964984746}"
EndProject
Project("{9A19103F-16F7-4668-BE54-9A1E7A4F7556}") = "Catalog.API", "Services\Catalog\Catalog.API\Catalog.API.csproj", "{ED9EC76B-CA84-438C-83F0-D11115FD0DE9}"
EndProject
Project("{E53339B2-1760-4266-BCC7-CA923CBCF16C}") = "docker-compose", "docker-compose.dcproj", "{3F83F58F-F493-45CB-882C-5B2ACD81D2A6}"
EndProject
Project("{2150E333-8FDC-42A3-9474-1A3956D46DE8}") = "Basket", "Basket", "{197DFA49-AD56-4E94-855A-9D573F3AB0B9}"
EndProject
Project("{9A19103F-16F7-4668-BE54-9A1E7A4F7556}") = "Basket.API", "Services\Basket\Basket.API\Basket.API.csproj", "{E9773469-8315-4EF6-96FE-6993B25B8F45}"
EndProject
Project("{2150E333-8FDC-42A3-9474-1A3956D46DE8}") = "Discount", "Discount", "{F4861EE7-EAE9-42E1-9CFF-CF0F8CA038D2}"
EndProject
Project("{9A19103F-16F7-4668-BE54-9A1E7A4F7556}") = "Discount.API", "Services\Discount\Discount.API\Discount.API.csproj", "{F590AC64-908D-497A-92D2-4E9BC274B2E5}"
EndProject
Project("{9A19103F-16F7-4668-BE54-9A1E7A4F7556}") = "Discount.Grps", "Services\Discount\Discount.Grps\Discount.Grps.csproj", "{6B07E4F8-19A6-42C3-A6A8-3CF9119CC0AF}"
EndProject
Project("{2150E333-8FDC-42A3-9474-1A3956D46DE8}") = "Ordering", "Ordering", "{BB5C4885-A093-4291-A248-1BE4CD6D02AC}"
EndProject
Project("{9A19103F-16F7-4668-BE54-9A1E7A4F7556}") = "Ordering.API", "Services\Ordering\Ordering.API\Ordering.API.csproj", "{4081B3B0-CEED-49C2-B73B-41AF697BDF71}"
EndProject
Project("{FAE04EC0-301F-11D3-BF4B-00C04F79EFBC}") = "Ordering.Domain", "Services\Ordering\Ordering.Domain\Ordering.Domain.csproj", "{33B4FB76-581B-44F2-9912-1B0A049C0B03}"
EndProject
Project("{FAE04EC0-301F-11D3-BF4B-00C04F79EFBC}") = "Ordering.Application", "Services\Ordering\Ordering.Application\Ordering.Application.csproj", "{D5DE73B1-0EC9-4E07-878C-60396F07015B}"
EndProject
Project("{FAE04EC0-301F-11D3-BF4B-00C04F79EFBC}") = "Ordering.Infrastructure", "Services\Ordering\Ordering.Infrastructure\Ordering.Infrastructure.csproj", "{06EADA24-FF0D-44CC-BB8F-7EC556E00AAF}"
EndProject
Global
	GlobalSection(SolutionConfigurationPlatforms) = preSolution
		Debug|Any CPU = Debug|Any CPU
		Release|Any CPU = Release|Any CPU
	EndGlobalSection
	GlobalSection(ProjectConfigurationPlatforms) = postSolution
		{ED9EC76B-CA84-438C-83F0-D11115FD0DE9}.Debug|Any CPU.ActiveCfg = Debug|Any CPU
		{ED9EC76B-CA84-438C-83F0-D11115FD0DE9}.Debug|Any CPU.Build.0 = Debug|Any CPU
		{ED9EC76B-CA84-438C-83F0-D11115FD0DE9}.Release|Any CPU.ActiveCfg = Release|Any CPU
		{ED9EC76B-CA84-438C-83F0-D11115FD0DE9}.Release|Any CPU.Build.0 = Release|Any CPU
		{3F83F58F-F493-45CB-882C-5B2ACD81D2A6}.Debug|Any CPU.ActiveCfg = Debug|Any CPU
		{3F83F58F-F493-45CB-882C-5B2ACD81D2A6}.Debug|Any CPU.Build.0 = Debug|Any CPU
		{3F83F58F-F493-45CB-882C-5B2ACD81D2A6}.Release|Any CPU.ActiveCfg = Release|Any CPU
		{3F83F58F-F493-45CB-882C-5B2ACD81D2A6}.Release|Any CPU.Build.0 = Release|Any CPU
		{E9773469-8315-4EF6-96FE-6993B25B8F45}.Debug|Any CPU.ActiveCfg = Debug|Any CPU
		{E9773469-8315-4EF6-96FE-6993B25B8F45}.Debug|Any CPU.Build.0 = Debug|Any CPU
		{E9773469-8315-4EF6-96FE-6993B25B8F45}.Release|Any CPU.ActiveCfg = Release|Any CPU
		{E9773469-8315-4EF6-96FE-6993B25B8F45}.Release|Any CPU.Build.0 = Release|Any CPU
		{F590AC64-908D-497A-92D2-4E9BC274B2E5}.Debug|Any CPU.ActiveCfg = Debug|Any CPU
		{F590AC64-908D-497A-92D2-4E9BC274B2E5}.Debug|Any CPU.Build.0 = Debug|Any CPU
		{F590AC64-908D-497A-92D2-4E9BC274B2E5}.Release|Any CPU.ActiveCfg = Release|Any CPU
		{F590AC64-908D-497A-92D2-4E9BC274B2E5}.Release|Any CPU.Build.0 = Release|Any CPU
		{6B07E4F8-19A6-42C3-A6A8-3CF9119CC0AF}.Debug|Any CPU.ActiveCfg = Debug|Any CPU
		{6B07E4F8-19A6-42C3-A6A8-3CF9119CC0AF}.Debug|Any CPU.Build.0 = Debug|Any CPU
		{6B07E4F8-19A6-42C3-A6A8-3CF9119CC0AF}.Release|Any CPU.ActiveCfg = Release|Any CPU
		{6B07E4F8-19A6-42C3-A6A8-3CF9119CC0AF}.Release|Any CPU.Build.0 = Release|Any CPU
		{4081B3B0-CEED-49C2-B73B-41AF697BDF71}.Debug|Any CPU.ActiveCfg = Debug|Any CPU
		{4081B3B0-CEED-49C2-B73B-41AF697BDF71}.Debug|Any CPU.Build.0 = Debug|Any CPU
		{4081B3B0-CEED-49C2-B73B-41AF697BDF71}.Release|Any CPU.ActiveCfg = Release|Any CPU
		{4081B3B0-CEED-49C2-B73B-41AF697BDF71}.Release|Any CPU.Build.0 = Release|Any CPU
		{33B4FB76-581B-44F2-9912-1B0A049C0B03}.Debug|Any CPU.ActiveCfg = Debug|Any CPU
		{33B4FB76-581B-44F2-9912-1B0A049C0B03}.Debug|Any CPU.Build.0 = Debug|Any CPU
		{33B4FB76-581B-44F2-9912-1B0A049C0B03}.Release|Any CPU.ActiveCfg = Release|Any CPU
		{33B4FB76-581B-44F2-9912-1B0A049C0B03}.Release|Any CPU.Build.0 = Release|Any CPU
		{D5DE73B1-0EC9-4E07-878C-60396F07015B}.Debug|Any CPU.ActiveCfg = Debug|Any CPU
		{D5DE73B1-0EC9-4E07-878C-60396F07015B}.Debug|Any CPU.Build.0 = Debug|Any CPU
		{D5DE73B1-0EC9-4E07-878C-60396F07015B}.Release|Any CPU.ActiveCfg = Release|Any CPU
		{D5DE73B1-0EC9-4E07-878C-60396F07015B}.Release|Any CPU.Build.0 = Release|Any CPU
		{06EADA24-FF0D-44CC-BB8F-7EC556E00AAF}.Debug|Any CPU.ActiveCfg = Debug|Any CPU
		{06EADA24-FF0D-44CC-BB8F-7EC556E00AAF}.Debug|Any CPU.Build.0 = Debug|Any CPU
		{06EADA24-FF0D-44CC-BB8F-7EC556E00AAF}.Release|Any CPU.ActiveCfg = Release|Any CPU
		{06EADA24-FF0D-44CC-BB8F-7EC556E00AAF}.Release|Any CPU.Build.0 = Release|Any CPU
	EndGlobalSection
	GlobalSection(SolutionProperties) = preSolution
		HideSolutionNode = FALSE
	EndGlobalSection
	GlobalSection(NestedProjects) = preSolution
		{859A025B-71E4-46FE-90FC-4F0964984746} = {EBB64603-3E22-476B-A5D2-3F7BA3A70A0C}
		{ED9EC76B-CA84-438C-83F0-D11115FD0DE9} = {859A025B-71E4-46FE-90FC-4F0964984746}
		{197DFA49-AD56-4E94-855A-9D573F3AB0B9} = {EBB64603-3E22-476B-A5D2-3F7BA3A70A0C}
		{E9773469-8315-4EF6-96FE-6993B25B8F45} = {197DFA49-AD56-4E94-855A-9D573F3AB0B9}
		{F4861EE7-EAE9-42E1-9CFF-CF0F8CA038D2} = {EBB64603-3E22-476B-A5D2-3F7BA3A70A0C}
		{F590AC64-908D-497A-92D2-4E9BC274B2E5} = {F4861EE7-EAE9-42E1-9CFF-CF0F8CA038D2}
		{6B07E4F8-19A6-42C3-A6A8-3CF9119CC0AF} = {F4861EE7-EAE9-42E1-9CFF-CF0F8CA038D2}
		{BB5C4885-A093-4291-A248-1BE4CD6D02AC} = {EBB64603-3E22-476B-A5D2-3F7BA3A70A0C}
		{4081B3B0-CEED-49C2-B73B-41AF697BDF71} = {BB5C4885-A093-4291-A248-1BE4CD6D02AC}
		{33B4FB76-581B-44F2-9912-1B0A049C0B03} = {BB5C4885-A093-4291-A248-1BE4CD6D02AC}
		{D5DE73B1-0EC9-4E07-878C-60396F07015B} = {BB5C4885-A093-4291-A248-1BE4CD6D02AC}
		{06EADA24-FF0D-44CC-BB8F-7EC556E00AAF} = {BB5C4885-A093-4291-A248-1BE4CD6D02AC}
	EndGlobalSection
	GlobalSection(ExtensibilityGlobals) = postSolution
		SolutionGuid = {40052B6F-0883-44EA-BA55-2AC9FF75D292}
	EndGlobalSection
EndGlobal
